
Microsoft Visual Studio Solution File, Format Version 12.00
# Visual Studio Version 17
VisualStudioVersion = 17.6.33723.286
MinimumVisualStudioVersion = 10.0.40219.1
Project("{9A19103F-16F7-4668-BE54-9A1E7A4F7556}") = "SRTMacro", "SRTMacro\SRTMacro.csproj", "{D6CB9F08-19C8-447F-94F3-FFF36AF9A229}"
EndProject
Project("{54435603-DBB4-11D2-8724-00A0C9A8B90C}") = "SrtSetup", "SrtSetup\SrtSetup.vdproj", "{DBFA3801-57B2-4C65-AFDF-645D5F63AFAF}"
EndProject
Global
	GlobalSection(SolutionConfigurationPlatforms) = preSolution
		Debug|Any CPU = Debug|Any CPU
		Release|Any CPU = Release|Any CPU
	EndGlobalSection
	GlobalSection(ProjectConfigurationPlatforms) = postSolution
		{D6CB9F08-19C8-447F-94F3-FFF36AF9A229}.Debug|Any CPU.ActiveCfg = Debug|Any CPU
		{D6CB9F08-19C8-447F-94F3-FFF36AF9A229}.Debug|Any CPU.Build.0 = Debug|Any CPU
		{D6CB9F08-19C8-447F-94F3-FFF36AF9A229}.Release|Any CPU.ActiveCfg = Release|Any CPU
		{D6CB9F08-19C8-447F-94F3-FFF36AF9A229}.Release|Any CPU.Build.0 = Release|Any CPU
		{DBFA3801-57B2-4C65-AFDF-645D5F63AFAF}.Debug|Any CPU.ActiveCfg = Debug
		{DBFA3801-57B2-4C65-AFDF-645D5F63AFAF}.Release|Any CPU.ActiveCfg = Release
	EndGlobalSection
	GlobalSection(SolutionProperties) = preSolution
		HideSolutionNode = FALSE
	EndGlobalSection
	GlobalSection(ExtensibilityGlobals) = postSolution
		SolutionGuid = {888F9A2B-B0CC-4BE2-8BE5-DD7772D1BFF5}
	EndGlobalSection
EndGlobal
